
Microsoft Visual Studio Solution File, Format Version 12.00
# Visual Studio 15
VisualStudioVersion = 15.0.28307.271
MinimumVisualStudioVersion = 10.0.40219.1
Project("{FAE04EC0-301F-11D3-BF4B-00C04F79EFBC}") = "WpfApp1", "WpfApp1\WpfApp1.csproj", "{CAC2BC8F-4600-4968-98B6-B242936DE2BD}"
EndProject
Global
	GlobalSection(SolutionConfigurationPlatforms) = preSolution
		Debug|Any CPU = Debug|Any CPU
		Release|Any CPU = Release|Any CPU
	EndGlobalSection
	GlobalSection(ProjectConfigurationPlatforms) = postSolution
		{CAC2BC8F-4600-4968-98B6-B242936DE2BD}.Debug|Any CPU.ActiveCfg = Debug|Any CPU
		{CAC2BC8F-4600-4968-98B6-B242936DE2BD}.Debug|Any CPU.Build.0 = Debug|Any CPU
		{CAC2BC8F-4600-4968-98B6-B242936DE2BD}.Release|Any CPU.ActiveCfg = Release|Any CPU
		{CAC2BC8F-4600-4968-98B6-B242936DE2BD}.Release|Any CPU.Build.0 = Release|Any CPU
	EndGlobalSection
	GlobalSection(SolutionProperties) = preSolution
		HideSolutionNode = FALSE
	EndGlobalSection
	GlobalSection(ExtensibilityGlobals) = postSolution
		SolutionGuid = {996045E8-A9B2-472B-8666-D64BA7B37B30}
	EndGlobalSection
EndGlobal
